
Microsoft Visual Studio Solution File, Format Version 12.00
# Visual Studio Version 17
VisualStudioVersion = 17.5.2.0
MinimumVisualStudioVersion = 10.0.40219.1
Project("{FAE04EC0-301F-11D3-BF4B-00C04F79EFBC}") = "MyTodo.Web", "MyTodo.Web\MyTodo.Web.csproj", "{0EFA2640-2C0F-7D37-3DC1-47FC1D77ABD5}"
EndProject
Project("{FAE04EC0-301F-11D3-BF4B-00C04F79EFBC}") = "TodoApp.Tests", "TodoApp.Tests\TodoApp.Tests.csproj", "{72414412-94C4-4659-AC46-01CEEFB0ABA7}"
EndProject
Project("{FAE04EC0-301F-11D3-BF4B-00C04F79EFBC}") = "MyTodo.Domain", "MyTodo.Domain\MyTodo.Domain.csproj", "{48EA70EF-AE59-43C3-91F3-A151B2A73E87}"
EndProject
Project("{FAE04EC0-301F-11D3-BF4B-00C04F79EFBC}") = "MyTodo.Infrastructure", "MyTodo.Infrastructure\MyTodo.Infrastructure.csproj", "{6D9238D3-2DE4-4E4B-8171-A787B9E4765A}"
EndProject
Project("{FAE04EC0-301F-11D3-BF4B-00C04F79EFBC}") = "MyTodo.Application", "MyTodo.Application\MyTodo.Application.csproj", "{4D000F97-BA6A-43BE-8340-D1D5F442F43A}"
EndProject
Project("{FAE04EC0-301F-11D3-BF4B-00C04F79EFBC}") = "MyTodo.E2E", "MyTodo.E2E\MyTodo.E2E.csproj", "{7596AEC2-5AB6-403C-8BB8-D94EFCF8B9F6}"
EndProject
Global
	GlobalSection(SolutionConfigurationPlatforms) = preSolution
		Debug|Any CPU = Debug|Any CPU
		Debug|x64 = Debug|x64
		Debug|x86 = Debug|x86
		Release|Any CPU = Release|Any CPU
		Release|x64 = Release|x64
		Release|x86 = Release|x86
	EndGlobalSection
	GlobalSection(ProjectConfigurationPlatforms) = postSolution
		{0EFA2640-2C0F-7D37-3DC1-47FC1D77ABD5}.Debug|Any CPU.ActiveCfg = Debug|Any CPU
		{0EFA2640-2C0F-7D37-3DC1-47FC1D77ABD5}.Debug|Any CPU.Build.0 = Debug|Any CPU
		{0EFA2640-2C0F-7D37-3DC1-47FC1D77ABD5}.Debug|x64.ActiveCfg = Debug|Any CPU
		{0EFA2640-2C0F-7D37-3DC1-47FC1D77ABD5}.Debug|x64.Build.0 = Debug|Any CPU
		{0EFA2640-2C0F-7D37-3DC1-47FC1D77ABD5}.Debug|x86.ActiveCfg = Debug|Any CPU
		{0EFA2640-2C0F-7D37-3DC1-47FC1D77ABD5}.Debug|x86.Build.0 = Debug|Any CPU
		{0EFA2640-2C0F-7D37-3DC1-47FC1D77ABD5}.Release|Any CPU.ActiveCfg = Release|Any CPU
		{0EFA2640-2C0F-7D37-3DC1-47FC1D77ABD5}.Release|Any CPU.Build.0 = Release|Any CPU
		{0EFA2640-2C0F-7D37-3DC1-47FC1D77ABD5}.Release|x64.ActiveCfg = Release|Any CPU
		{0EFA2640-2C0F-7D37-3DC1-47FC1D77ABD5}.Release|x64.Build.0 = Release|Any CPU
		{0EFA2640-2C0F-7D37-3DC1-47FC1D77ABD5}.Release|x86.ActiveCfg = Release|Any CPU
		{0EFA2640-2C0F-7D37-3DC1-47FC1D77ABD5}.Release|x86.Build.0 = Release|Any CPU
		{72414412-94C4-4659-AC46-01CEEFB0ABA7}.Debug|Any CPU.ActiveCfg = Debug|Any CPU
		{72414412-94C4-4659-AC46-01CEEFB0ABA7}.Debug|Any CPU.Build.0 = Debug|Any CPU
		{72414412-94C4-4659-AC46-01CEEFB0ABA7}.Debug|x64.ActiveCfg = Debug|Any CPU
		{72414412-94C4-4659-AC46-01CEEFB0ABA7}.Debug|x64.Build.0 = Debug|Any CPU
		{72414412-94C4-4659-AC46-01CEEFB0ABA7}.Debug|x86.ActiveCfg = Debug|Any CPU
		{72414412-94C4-4659-AC46-01CEEFB0ABA7}.Debug|x86.Build.0 = Debug|Any CPU
		{72414412-94C4-4659-AC46-01CEEFB0ABA7}.Release|Any CPU.ActiveCfg = Release|Any CPU
		{72414412-94C4-4659-AC46-01CEEFB0ABA7}.Release|Any CPU.Build.0 = Release|Any CPU
		{72414412-94C4-4659-AC46-01CEEFB0ABA7}.Release|x64.ActiveCfg = Release|Any CPU
		{72414412-94C4-4659-AC46-01CEEFB0ABA7}.Release|x64.Build.0 = Release|Any CPU
		{72414412-94C4-4659-AC46-01CEEFB0ABA7}.Release|x86.ActiveCfg = Release|Any CPU
		{72414412-94C4-4659-AC46-01CEEFB0ABA7}.Release|x86.Build.0 = Release|Any CPU
		{48EA70EF-AE59-43C3-91F3-A151B2A73E87}.Debug|Any CPU.ActiveCfg = Debug|Any CPU
		{48EA70EF-AE59-43C3-91F3-A151B2A73E87}.Debug|Any CPU.Build.0 = Debug|Any CPU
		{48EA70EF-AE59-43C3-91F3-A151B2A73E87}.Debug|x64.ActiveCfg = Debug|Any CPU
		{48EA70EF-AE59-43C3-91F3-A151B2A73E87}.Debug|x64.Build.0 = Debug|Any CPU
		{48EA70EF-AE59-43C3-91F3-A151B2A73E87}.Debug|x86.ActiveCfg = Debug|Any CPU
		{48EA70EF-AE59-43C3-91F3-A151B2A73E87}.Debug|x86.Build.0 = Debug|Any CPU
		{48EA70EF-AE59-43C3-91F3-A151B2A73E87}.Release|Any CPU.ActiveCfg = Release|Any CPU
		{48EA70EF-AE59-43C3-91F3-A151B2A73E87}.Release|Any CPU.Build.0 = Release|Any CPU
		{48EA70EF-AE59-43C3-91F3-A151B2A73E87}.Release|x64.ActiveCfg = Release|Any CPU
		{48EA70EF-AE59-43C3-91F3-A151B2A73E87}.Release|x64.Build.0 = Release|Any CPU
		{48EA70EF-AE59-43C3-91F3-A151B2A73E87}.Release|x86.ActiveCfg = Release|Any CPU
		{48EA70EF-AE59-43C3-91F3-A151B2A73E87}.Release|x86.Build.0 = Release|Any CPU
		{6D9238D3-2DE4-4E4B-8171-A787B9E4765A}.Debug|Any CPU.ActiveCfg = Debug|Any CPU
		{6D9238D3-2DE4-4E4B-8171-A787B9E4765A}.Debug|Any CPU.Build.0 = Debug|Any CPU
		{6D9238D3-2DE4-4E4B-8171-A787B9E4765A}.Debug|x64.ActiveCfg = Debug|Any CPU
		{6D9238D3-2DE4-4E4B-8171-A787B9E4765A}.Debug|x64.Build.0 = Debug|Any CPU
		{6D9238D3-2DE4-4E4B-8171-A787B9E4765A}.Debug|x86.ActiveCfg = Debug|Any CPU
		{6D9238D3-2DE4-4E4B-8171-A787B9E4765A}.Debug|x86.Build.0 = Debug|Any CPU
		{6D9238D3-2DE4-4E4B-8171-A787B9E4765A}.Release|Any CPU.ActiveCfg = Release|Any CPU
		{6D9238D3-2DE4-4E4B-8171-A787B9E4765A}.Release|Any CPU.Build.0 = Release|Any CPU
		{6D9238D3-2DE4-4E4B-8171-A787B9E4765A}.Release|x64.ActiveCfg = Release|Any CPU
		{6D9238D3-2DE4-4E4B-8171-A787B9E4765A}.Release|x64.Build.0 = Release|Any CPU
		{6D9238D3-2DE4-4E4B-8171-A787B9E4765A}.Release|x86.ActiveCfg = Release|Any CPU
		{6D9238D3-2DE4-4E4B-8171-A787B9E4765A}.Release|x86.Build.0 = Release|Any CPU
		{4D000F97-BA6A-43BE-8340-D1D5F442F43A}.Debug|Any CPU.ActiveCfg = Debug|Any CPU
		{4D000F97-BA6A-43BE-8340-D1D5F442F43A}.Debug|Any CPU.Build.0 = Debug|Any CPU
		{4D000F97-BA6A-43BE-8340-D1D5F442F43A}.Debug|x64.ActiveCfg = Debug|Any CPU
		{4D000F97-BA6A-43BE-8340-D1D5F442F43A}.Debug|x64.Build.0 = Debug|Any CPU
		{4D000F97-BA6A-43BE-8340-D1D5F442F43A}.Debug|x86.ActiveCfg = Debug|Any CPU
		{4D000F97-BA6A-43BE-8340-D1D5F442F43A}.Debug|x86.Build.0 = Debug|Any CPU
		{4D000F97-BA6A-43BE-8340-D1D5F442F43A}.Release|Any CPU.ActiveCfg = Release|Any CPU
		{4D000F97-BA6A-43BE-8340-D1D5F442F43A}.Release|Any CPU.Build.0 = Release|Any CPU
		{4D000F97-BA6A-43BE-8340-D1D5F442F43A}.Release|x64.ActiveCfg = Release|Any CPU
		{4D000F97-BA6A-43BE-8340-D1D5F442F43A}.Release|x64.Build.0 = Release|Any CPU
		{4D000F97-BA6A-43BE-8340-D1D5F442F43A}.Release|x86.ActiveCfg = Release|Any CPU
		{4D000F97-BA6A-43BE-8340-D1D5F442F43A}.Release|x86.Build.0 = Release|Any CPU
		{7596AEC2-5AB6-403C-8BB8-D94EFCF8B9F6}.Debug|Any CPU.ActiveCfg = Debug|Any CPU
		{7596AEC2-5AB6-403C-8BB8-D94EFCF8B9F6}.Debug|Any CPU.Build.0 = Debug|Any CPU
		{7596AEC2-5AB6-403C-8BB8-D94EFCF8B9F6}.Debug|x64.ActiveCfg = Debug|Any CPU
		{7596AEC2-5AB6-403C-8BB8-D94EFCF8B9F6}.Debug|x64.Build.0 = Debug|Any CPU
		{7596AEC2-5AB6-403C-8BB8-D94EFCF8B9F6}.Debug|x86.ActiveCfg = Debug|Any CPU
		{7596AEC2-5AB6-403C-8BB8-D94EFCF8B9F6}.Debug|x86.Build.0 = Debug|Any CPU
		{7596AEC2-5AB6-403C-8BB8-D94EFCF8B9F6}.Release|Any CPU.ActiveCfg = Release|Any CPU
		{7596AEC2-5AB6-403C-8BB8-D94EFCF8B9F6}.Release|Any CPU.Build.0 = Release|Any CPU
		{7596AEC2-5AB6-403C-8BB8-D94EFCF8B9F6}.Release|x64.ActiveCfg = Release|Any CPU
		{7596AEC2-5AB6-403C-8BB8-D94EFCF8B9F6}.Release|x64.Build.0 = Release|Any CPU
		{7596AEC2-5AB6-403C-8BB8-D94EFCF8B9F6}.Release|x86.ActiveCfg = Release|Any CPU
		{7596AEC2-5AB6-403C-8BB8-D94EFCF8B9F6}.Release|x86.Build.0 = Release|Any CPU
	EndGlobalSection
	GlobalSection(SolutionProperties) = preSolution
		HideSolutionNode = FALSE
	EndGlobalSection
	GlobalSection(ExtensibilityGlobals) = postSolution
		SolutionGuid = {F19867CA-1F5E-4AD2-8F29-E2BB5B62DB8B}
	EndGlobalSection
EndGlobal
