Microsoft Visual Studio Solution File, Format Version 12.00
# Visual Studio Version 17
VisualStudioVersion = 17.5.2.0
MinimumVisualStudioVersion = 10.0.40219.1
Project("{FAE04EC0-301F-11D3-BF4B-00C04F79EFBC}") = "MyRazorCrud", "MyRazorCrud\MyRazorCrud.csproj", "{0EFA2640-2C0F-7D37-3DC1-47FC1D77ABD5}"
EndProject
Global
	GlobalSection(SolutionConfigurationPlatforms) = preSolution
		Debug|Any CPU = Debug|Any CPU
		Release|Any CPU = Release|Any CPU
	EndGlobalSection
	GlobalSection(ProjectConfigurationPlatforms) = postSolution
		{0EFA2640-2C0F-7D37-3DC1-47FC1D77ABD5}.Debug|Any CPU.ActiveCfg = Debug|Any CPU
		{0EFA2640-2C0F-7D37-3DC1-47FC1D77ABD5}.Debug|Any CPU.Build.0 = Debug|Any CPU
		{0EFA2640-2C0F-7D37-3DC1-47FC1D77ABD5}.Release|Any CPU.ActiveCfg = Release|Any CPU
		{0EFA2640-2C0F-7D37-3DC1-47FC1D77ABD5}.Release|Any CPU.Build.0 = Release|Any CPU
	EndGlobalSection
	GlobalSection(SolutionProperties) = preSolution
		HideSolutionNode = FALSE
	EndGlobalSection
	GlobalSection(ExtensibilityGlobals) = postSolution
		SolutionGuid = {F19867CA-1F5E-4AD2-8F29-E2BB5B62DB8B}
	EndGlobalSection
EndGlobal
